
Microsoft Visual Studio Solution File, Format Version 12.00
# Visual Studio Version 17
VisualStudioVersion = 17.1.32328.378
MinimumVisualStudioVersion = 10.0.40219.1
Project("{9A19103F-16F7-4668-BE54-9A1E7A4F7556}") = "WebMatrix", "WebMatrix\WebMatrix.csproj", "{1B8BBE79-671F-4153-ADF7-A5DDE1D1ED7F}"
EndProject
Project("{9A19103F-16F7-4668-BE54-9A1E7A4F7556}") = "LedLibrary", "LedLibrary\LedLibrary.csproj", "{3B9846E5-5054-4BDE-9192-DF47D3459475}"
EndProject
Project("{2150E333-8FDC-42A3-9474-1A3956D46DE8}") = "Solution Items", "Solution Items", "{7A9562C2-D831-4C2B-AA37-9DEC99DA1EE8}"
	ProjectSection(SolutionItems) = preProject
		.editorconfig = .editorconfig
	EndProjectSection
EndProject
Project("{9A19103F-16F7-4668-BE54-9A1E7A4F7556}") = "BLedMatrix", "BLedMatrix\BLedMatrix.csproj", "{A7939632-9507-4F44-B931-B93AD3C2053A}"
EndProject
Project("{FAE04EC0-301F-11D3-BF4B-00C04F79EFBC}") = "Library", "Library\Library.csproj", "{0CAB62C7-5B4B-494A-BC88-0E900FA17A83}"
EndProject
Global
	GlobalSection(SolutionConfigurationPlatforms) = preSolution
		Debug|Any CPU = Debug|Any CPU
		Debug|ARM = Debug|ARM
		Debug|ARM64 = Debug|ARM64
		Debug|x64 = Debug|x64
		Debug|x86 = Debug|x86
		Release|Any CPU = Release|Any CPU
		Release|ARM = Release|ARM
		Release|ARM64 = Release|ARM64
		Release|x64 = Release|x64
		Release|x86 = Release|x86
	EndGlobalSection
	GlobalSection(ProjectConfigurationPlatforms) = postSolution
		{1B8BBE79-671F-4153-ADF7-A5DDE1D1ED7F}.Debug|Any CPU.ActiveCfg = Debug|Any CPU
		{1B8BBE79-671F-4153-ADF7-A5DDE1D1ED7F}.Debug|Any CPU.Build.0 = Debug|Any CPU
		{1B8BBE79-671F-4153-ADF7-A5DDE1D1ED7F}.Debug|ARM.ActiveCfg = Debug|Any CPU
		{1B8BBE79-671F-4153-ADF7-A5DDE1D1ED7F}.Debug|ARM.Build.0 = Debug|Any CPU
		{1B8BBE79-671F-4153-ADF7-A5DDE1D1ED7F}.Debug|ARM64.ActiveCfg = Debug|Any CPU
		{1B8BBE79-671F-4153-ADF7-A5DDE1D1ED7F}.Debug|ARM64.Build.0 = Debug|Any CPU
		{1B8BBE79-671F-4153-ADF7-A5DDE1D1ED7F}.Debug|x64.ActiveCfg = Debug|Any CPU
		{1B8BBE79-671F-4153-ADF7-A5DDE1D1ED7F}.Debug|x64.Build.0 = Debug|Any CPU
		{1B8BBE79-671F-4153-ADF7-A5DDE1D1ED7F}.Debug|x86.ActiveCfg = Debug|Any CPU
		{1B8BBE79-671F-4153-ADF7-A5DDE1D1ED7F}.Debug|x86.Build.0 = Debug|Any CPU
		{1B8BBE79-671F-4153-ADF7-A5DDE1D1ED7F}.Release|Any CPU.ActiveCfg = Release|Any CPU
		{1B8BBE79-671F-4153-ADF7-A5DDE1D1ED7F}.Release|Any CPU.Build.0 = Release|Any CPU
		{1B8BBE79-671F-4153-ADF7-A5DDE1D1ED7F}.Release|ARM.ActiveCfg = Release|Any CPU
		{1B8BBE79-671F-4153-ADF7-A5DDE1D1ED7F}.Release|ARM.Build.0 = Release|Any CPU
		{1B8BBE79-671F-4153-ADF7-A5DDE1D1ED7F}.Release|ARM64.ActiveCfg = Release|Any CPU
		{1B8BBE79-671F-4153-ADF7-A5DDE1D1ED7F}.Release|ARM64.Build.0 = Release|Any CPU
		{1B8BBE79-671F-4153-ADF7-A5DDE1D1ED7F}.Release|x64.ActiveCfg = Release|Any CPU
		{1B8BBE79-671F-4153-ADF7-A5DDE1D1ED7F}.Release|x64.Build.0 = Release|Any CPU
		{1B8BBE79-671F-4153-ADF7-A5DDE1D1ED7F}.Release|x86.ActiveCfg = Release|Any CPU
		{1B8BBE79-671F-4153-ADF7-A5DDE1D1ED7F}.Release|x86.Build.0 = Release|Any CPU
		{3B9846E5-5054-4BDE-9192-DF47D3459475}.Debug|Any CPU.ActiveCfg = Debug|Any CPU
		{3B9846E5-5054-4BDE-9192-DF47D3459475}.Debug|Any CPU.Build.0 = Debug|Any CPU
		{3B9846E5-5054-4BDE-9192-DF47D3459475}.Debug|ARM.ActiveCfg = Debug|Any CPU
		{3B9846E5-5054-4BDE-9192-DF47D3459475}.Debug|ARM.Build.0 = Debug|Any CPU
		{3B9846E5-5054-4BDE-9192-DF47D3459475}.Debug|ARM64.ActiveCfg = Debug|Any CPU
		{3B9846E5-5054-4BDE-9192-DF47D3459475}.Debug|ARM64.Build.0 = Debug|Any CPU
		{3B9846E5-5054-4BDE-9192-DF47D3459475}.Debug|x64.ActiveCfg = Debug|Any CPU
		{3B9846E5-5054-4BDE-9192-DF47D3459475}.Debug|x64.Build.0 = Debug|Any CPU
		{3B9846E5-5054-4BDE-9192-DF47D3459475}.Debug|x86.ActiveCfg = Debug|Any CPU
		{3B9846E5-5054-4BDE-9192-DF47D3459475}.Debug|x86.Build.0 = Debug|Any CPU
		{3B9846E5-5054-4BDE-9192-DF47D3459475}.Release|Any CPU.ActiveCfg = Release|Any CPU
		{3B9846E5-5054-4BDE-9192-DF47D3459475}.Release|Any CPU.Build.0 = Release|Any CPU
		{3B9846E5-5054-4BDE-9192-DF47D3459475}.Release|ARM.ActiveCfg = Release|Any CPU
		{3B9846E5-5054-4BDE-9192-DF47D3459475}.Release|ARM.Build.0 = Release|Any CPU
		{3B9846E5-5054-4BDE-9192-DF47D3459475}.Release|ARM64.ActiveCfg = Release|Any CPU
		{3B9846E5-5054-4BDE-9192-DF47D3459475}.Release|ARM64.Build.0 = Release|Any CPU
		{3B9846E5-5054-4BDE-9192-DF47D3459475}.Release|x64.ActiveCfg = Release|Any CPU
		{3B9846E5-5054-4BDE-9192-DF47D3459475}.Release|x64.Build.0 = Release|Any CPU
		{3B9846E5-5054-4BDE-9192-DF47D3459475}.Release|x86.ActiveCfg = Release|Any CPU
		{3B9846E5-5054-4BDE-9192-DF47D3459475}.Release|x86.Build.0 = Release|Any CPU
		{A7939632-9507-4F44-B931-B93AD3C2053A}.Debug|Any CPU.ActiveCfg = Debug|Any CPU
		{A7939632-9507-4F44-B931-B93AD3C2053A}.Debug|Any CPU.Build.0 = Debug|Any CPU
		{A7939632-9507-4F44-B931-B93AD3C2053A}.Debug|ARM.ActiveCfg = Debug|Any CPU
		{A7939632-9507-4F44-B931-B93AD3C2053A}.Debug|ARM.Build.0 = Debug|Any CPU
		{A7939632-9507-4F44-B931-B93AD3C2053A}.Debug|ARM64.ActiveCfg = Debug|Any CPU
		{A7939632-9507-4F44-B931-B93AD3C2053A}.Debug|ARM64.Build.0 = Debug|Any CPU
		{A7939632-9507-4F44-B931-B93AD3C2053A}.Debug|x64.ActiveCfg = Debug|Any CPU
		{A7939632-9507-4F44-B931-B93AD3C2053A}.Debug|x64.Build.0 = Debug|Any CPU
		{A7939632-9507-4F44-B931-B93AD3C2053A}.Debug|x86.ActiveCfg = Debug|Any CPU
		{A7939632-9507-4F44-B931-B93AD3C2053A}.Debug|x86.Build.0 = Debug|Any CPU
		{A7939632-9507-4F44-B931-B93AD3C2053A}.Release|Any CPU.ActiveCfg = Release|Any CPU
		{A7939632-9507-4F44-B931-B93AD3C2053A}.Release|Any CPU.Build.0 = Release|Any CPU
		{A7939632-9507-4F44-B931-B93AD3C2053A}.Release|ARM.ActiveCfg = Release|Any CPU
		{A7939632-9507-4F44-B931-B93AD3C2053A}.Release|ARM.Build.0 = Release|Any CPU
		{A7939632-9507-4F44-B931-B93AD3C2053A}.Release|ARM64.ActiveCfg = Release|Any CPU
		{A7939632-9507-4F44-B931-B93AD3C2053A}.Release|ARM64.Build.0 = Release|Any CPU
		{A7939632-9507-4F44-B931-B93AD3C2053A}.Release|x64.ActiveCfg = Release|Any CPU
		{A7939632-9507-4F44-B931-B93AD3C2053A}.Release|x64.Build.0 = Release|Any CPU
		{A7939632-9507-4F44-B931-B93AD3C2053A}.Release|x86.ActiveCfg = Release|Any CPU
		{A7939632-9507-4F44-B931-B93AD3C2053A}.Release|x86.Build.0 = Release|Any CPU
		{0CAB62C7-5B4B-494A-BC88-0E900FA17A83}.Debug|Any CPU.ActiveCfg = Debug|Any CPU
		{0CAB62C7-5B4B-494A-BC88-0E900FA17A83}.Debug|Any CPU.Build.0 = Debug|Any CPU
		{0CAB62C7-5B4B-494A-BC88-0E900FA17A83}.Debug|ARM.ActiveCfg = Debug|Any CPU
		{0CAB62C7-5B4B-494A-BC88-0E900FA17A83}.Debug|ARM.Build.0 = Debug|Any CPU
		{0CAB62C7-5B4B-494A-BC88-0E900FA17A83}.Debug|ARM64.ActiveCfg = Debug|Any CPU
		{0CAB62C7-5B4B-494A-BC88-0E900FA17A83}.Debug|ARM64.Build.0 = Debug|Any CPU
		{0CAB62C7-5B4B-494A-BC88-0E900FA17A83}.Debug|x64.ActiveCfg = Debug|Any CPU
		{0CAB62C7-5B4B-494A-BC88-0E900FA17A83}.Debug|x64.Build.0 = Debug|Any CPU
		{0CAB62C7-5B4B-494A-BC88-0E900FA17A83}.Debug|x86.ActiveCfg = Debug|Any CPU
		{0CAB62C7-5B4B-494A-BC88-0E900FA17A83}.Debug|x86.Build.0 = Debug|Any CPU
		{0CAB62C7-5B4B-494A-BC88-0E900FA17A83}.Release|Any CPU.ActiveCfg = Release|Any CPU
		{0CAB62C7-5B4B-494A-BC88-0E900FA17A83}.Release|Any CPU.Build.0 = Release|Any CPU
		{0CAB62C7-5B4B-494A-BC88-0E900FA17A83}.Release|ARM.ActiveCfg = Release|Any CPU
		{0CAB62C7-5B4B-494A-BC88-0E900FA17A83}.Release|ARM.Build.0 = Release|Any CPU
		{0CAB62C7-5B4B-494A-BC88-0E900FA17A83}.Release|ARM64.ActiveCfg = Release|Any CPU
		{0CAB62C7-5B4B-494A-BC88-0E900FA17A83}.Release|ARM64.Build.0 = Release|Any CPU
		{0CAB62C7-5B4B-494A-BC88-0E900FA17A83}.Release|x64.ActiveCfg = Release|Any CPU
		{0CAB62C7-5B4B-494A-BC88-0E900FA17A83}.Release|x64.Build.0 = Release|Any CPU
		{0CAB62C7-5B4B-494A-BC88-0E900FA17A83}.Release|x86.ActiveCfg = Release|Any CPU
		{0CAB62C7-5B4B-494A-BC88-0E900FA17A83}.Release|x86.Build.0 = Release|Any CPU
	EndGlobalSection
	GlobalSection(SolutionProperties) = preSolution
		HideSolutionNode = FALSE
	EndGlobalSection
	GlobalSection(ExtensibilityGlobals) = postSolution
		SolutionGuid = {2715E526-743E-4CC6-9221-3F15BBD1F7CF}
	EndGlobalSection
EndGlobal
